
Microsoft Visual Studio Solution File, Format Version 12.00
# Visual Studio Version 16
VisualStudioVersion = 16.0.32228.343
MinimumVisualStudioVersion = 10.0.40219.1
Project("{D954291E-2A0B-460D-934E-DC6B0785DB48}") = "Calculator.Shared", "Calculator.Shared\Calculator.Shared.shproj", "{6279C845-92F8-4333-AB99-3D213163593C}"
EndProject
Project("{2150E333-8FDC-42A3-9474-1A3956D46DE8}") = "Platforms", "Platforms", "{76460521-E707-43F4-844E-CC38BF15512B}"
EndProject
Project("{FAE04EC0-301F-11D3-BF4B-00C04F79EFBC}") = "Calculator.Droid", "Calculator.Droid\Calculator.Droid.csproj", "{8E4B57D5-EC8E-460D-9266-F658A770DA8C}"
EndProject
Project("{FAE04EC0-301F-11D3-BF4B-00C04F79EFBC}") = "Calculator.iOS", "Calculator.iOS\Calculator.iOS.csproj", "{E0E83820-626D-4A32-B27D-34690F649E9D}"
EndProject
Project("{FAE04EC0-301F-11D3-BF4B-00C04F79EFBC}") = "Calculator.UWP", "Calculator.UWP\Calculator.UWP.csproj", "{0C4F27F3-3FFD-4DB3-A65D-CB0ACD011669}"
EndProject
Project("{FAE04EC0-301F-11D3-BF4B-00C04F79EFBC}") = "Calculator.Wasm", "Calculator.Wasm\Calculator.Wasm.csproj", "{04968496-F12F-4F5A-8E1B-ED04AE296467}"
EndProject
Project("{FAE04EC0-301F-11D3-BF4B-00C04F79EFBC}") = "Calculator.macOS", "Calculator.macOS\Calculator.macOS.csproj", "{74383B7D-6169-4B63-923D-19A82609BAB2}"
EndProject
Project("{FAE04EC0-301F-11D3-BF4B-00C04F79EFBC}") = "Calculator.Skia.Wpf.Host", "Calculator.Skia.Wpf.Host\Calculator.Skia.Wpf.Host.csproj", "{AA9B0B97-D2A6-4524-9A34-95E44B4D877A}"
EndProject
Project("{FAE04EC0-301F-11D3-BF4B-00C04F79EFBC}") = "Calculator.Skia.Wpf", "Calculator.Skia.Wpf\Calculator.Skia.Wpf.csproj", "{96DB9079-4FE1-439E-B955-B3DF594D1264}"
EndProject
Project("{FAE04EC0-301F-11D3-BF4B-00C04F79EFBC}") = "Calculator.Skia.Gtk", "Calculator.Skia.Gtk\Calculator.Skia.Gtk.csproj", "{1E3B6B16-F8B1-4ED6-BD2E-35D568962D6A}"
EndProject
Project("{FAE04EC0-301F-11D3-BF4B-00C04F79EFBC}") = "Calculator.Skia.Tizen", "Calculator.Skia.Tizen\Calculator.Skia.Tizen.csproj", "{B96E64C0-7894-4C4E-A08D-1C8F36482A86}"
EndProject
Global
	GlobalSection(SharedMSBuildProjectFiles) = preSolution
		Calculator.Shared\Calculator.Shared.projitems*{04968496-f12f-4f5a-8e1b-ed04ae296467}*SharedItemsImports = 5
		Calculator.Shared\Calculator.Shared.projitems*{0c4f27f3-3ffd-4db3-a65d-cb0acd011669}*SharedItemsImports = 4
		Calculator.Shared\Calculator.Shared.projitems*{1e3b6b16-f8b1-4ed6-bd2e-35d568962d6a}*SharedItemsImports = 5
		Calculator.Shared\Calculator.Shared.projitems*{6279c845-92f8-4333-ab99-3d213163593c}*SharedItemsImports = 13
		Calculator.Shared\Calculator.Shared.projitems*{74383b7d-6169-4b63-923d-19a82609bab2}*SharedItemsImports = 4
		Calculator.Shared\Calculator.Shared.projitems*{8e4b57d5-ec8e-460d-9266-f658a770da8c}*SharedItemsImports = 4
		Calculator.Shared\Calculator.Shared.projitems*{96db9079-4fe1-439e-b955-b3df594d1264}*SharedItemsImports = 5
		Calculator.Shared\Calculator.Shared.projitems*{b96e64c0-7894-4c4e-a08d-1c8f36482a86}*SharedItemsImports = 5
		Calculator.Shared\Calculator.Shared.projitems*{e0e83820-626d-4a32-b27d-34690f649e9d}*SharedItemsImports = 4
	EndGlobalSection
	GlobalSection(SolutionConfigurationPlatforms) = preSolution
		Ad-Hoc|Any CPU = Ad-Hoc|Any CPU
		Ad-Hoc|ARM = Ad-Hoc|ARM
		Ad-Hoc|ARM64 = Ad-Hoc|ARM64
		Ad-Hoc|iPhone = Ad-Hoc|iPhone
		Ad-Hoc|iPhoneSimulator = Ad-Hoc|iPhoneSimulator
		Ad-Hoc|x64 = Ad-Hoc|x64
		Ad-Hoc|x86 = Ad-Hoc|x86
		AppStore|Any CPU = AppStore|Any CPU
		AppStore|ARM = AppStore|ARM
		AppStore|ARM64 = AppStore|ARM64
		AppStore|iPhone = AppStore|iPhone
		AppStore|iPhoneSimulator = AppStore|iPhoneSimulator
		AppStore|x64 = AppStore|x64
		AppStore|x86 = AppStore|x86
		Debug|Any CPU = Debug|Any CPU
		Debug|ARM = Debug|ARM
		Debug|ARM64 = Debug|ARM64
		Debug|iPhone = Debug|iPhone
		Debug|iPhoneSimulator = Debug|iPhoneSimulator
		Debug|x64 = Debug|x64
		Debug|x86 = Debug|x86
		Release|Any CPU = Release|Any CPU
		Release|ARM = Release|ARM
		Release|ARM64 = Release|ARM64
		Release|iPhone = Release|iPhone
		Release|iPhoneSimulator = Release|iPhoneSimulator
		Release|x64 = Release|x64
		Release|x86 = Release|x86
	EndGlobalSection
	GlobalSection(ProjectConfigurationPlatforms) = postSolution
		{8E4B57D5-EC8E-460D-9266-F658A770DA8C}.Ad-Hoc|Any CPU.ActiveCfg = Debug|Any CPU
		{8E4B57D5-EC8E-460D-9266-F658A770DA8C}.Ad-Hoc|Any CPU.Build.0 = Debug|Any CPU
		{8E4B57D5-EC8E-460D-9266-F658A770DA8C}.Ad-Hoc|Any CPU.Deploy.0 = Debug|Any CPU
		{8E4B57D5-EC8E-460D-9266-F658A770DA8C}.Ad-Hoc|ARM.ActiveCfg = Debug|Any CPU
		{8E4B57D5-EC8E-460D-9266-F658A770DA8C}.Ad-Hoc|ARM.Build.0 = Debug|Any CPU
		{8E4B57D5-EC8E-460D-9266-F658A770DA8C}.Ad-Hoc|ARM.Deploy.0 = Debug|Any CPU
		{8E4B57D5-EC8E-460D-9266-F658A770DA8C}.Ad-Hoc|ARM64.ActiveCfg = Debug|Any CPU
		{8E4B57D5-EC8E-460D-9266-F658A770DA8C}.Ad-Hoc|ARM64.Build.0 = Debug|Any CPU
		{8E4B57D5-EC8E-460D-9266-F658A770DA8C}.Ad-Hoc|ARM64.Deploy.0 = Debug|Any CPU
		{8E4B57D5-EC8E-460D-9266-F658A770DA8C}.Ad-Hoc|iPhone.ActiveCfg = Debug|Any CPU
		{8E4B57D5-EC8E-460D-9266-F658A770DA8C}.Ad-Hoc|iPhone.Build.0 = Debug|Any CPU
		{8E4B57D5-EC8E-460D-9266-F658A770DA8C}.Ad-Hoc|iPhone.Deploy.0 = Debug|Any CPU
		{8E4B57D5-EC8E-460D-9266-F658A770DA8C}.Ad-Hoc|iPhoneSimulator.ActiveCfg = Debug|Any CPU
		{8E4B57D5-EC8E-460D-9266-F658A770DA8C}.Ad-Hoc|iPhoneSimulator.Build.0 = Debug|Any CPU
		{8E4B57D5-EC8E-460D-9266-F658A770DA8C}.Ad-Hoc|iPhoneSimulator.Deploy.0 = Debug|Any CPU
		{8E4B57D5-EC8E-460D-9266-F658A770DA8C}.Ad-Hoc|x64.ActiveCfg = Debug|Any CPU
		{8E4B57D5-EC8E-460D-9266-F658A770DA8C}.Ad-Hoc|x64.Build.0 = Debug|Any CPU
		{8E4B57D5-EC8E-460D-9266-F658A770DA8C}.Ad-Hoc|x64.Deploy.0 = Debug|Any CPU
		{8E4B57D5-EC8E-460D-9266-F658A770DA8C}.Ad-Hoc|x86.ActiveCfg = Debug|Any CPU
		{8E4B57D5-EC8E-460D-9266-F658A770DA8C}.Ad-Hoc|x86.Build.0 = Debug|Any CPU
		{8E4B57D5-EC8E-460D-9266-F658A770DA8C}.Ad-Hoc|x86.Deploy.0 = Debug|Any CPU
		{8E4B57D5-EC8E-460D-9266-F658A770DA8C}.AppStore|Any CPU.ActiveCfg = Debug|Any CPU
		{8E4B57D5-EC8E-460D-9266-F658A770DA8C}.AppStore|Any CPU.Build.0 = Debug|Any CPU
		{8E4B57D5-EC8E-460D-9266-F658A770DA8C}.AppStore|Any CPU.Deploy.0 = Debug|Any CPU
		{8E4B57D5-EC8E-460D-9266-F658A770DA8C}.AppStore|ARM.ActiveCfg = Debug|Any CPU
		{8E4B57D5-EC8E-460D-9266-F658A770DA8C}.AppStore|ARM.Build.0 = Debug|Any CPU
		{8E4B57D5-EC8E-460D-9266-F658A770DA8C}.AppStore|ARM.Deploy.0 = Debug|Any CPU
		{8E4B57D5-EC8E-460D-9266-F658A770DA8C}.AppStore|ARM64.ActiveCfg = Debug|Any CPU
		{8E4B57D5-EC8E-460D-9266-F658A770DA8C}.AppStore|ARM64.Build.0 = Debug|Any CPU
		{8E4B57D5-EC8E-460D-9266-F658A770DA8C}.AppStore|ARM64.Deploy.0 = Debug|Any CPU
		{8E4B57D5-EC8E-460D-9266-F658A770DA8C}.AppStore|iPhone.ActiveCfg = Debug|Any CPU
		{8E4B57D5-EC8E-460D-9266-F658A770DA8C}.AppStore|iPhone.Build.0 = Debug|Any CPU
		{8E4B57D5-EC8E-460D-9266-F658A770DA8C}.AppStore|iPhone.Deploy.0 = Debug|Any CPU
		{8E4B57D5-EC8E-460D-9266-F658A770DA8C}.AppStore|iPhoneSimulator.ActiveCfg = Debug|Any CPU
		{8E4B57D5-EC8E-460D-9266-F658A770DA8C}.AppStore|iPhoneSimulator.Build.0 = Debug|Any CPU
		{8E4B57D5-EC8E-460D-9266-F658A770DA8C}.AppStore|iPhoneSimulator.Deploy.0 = Debug|Any CPU
		{8E4B57D5-EC8E-460D-9266-F658A770DA8C}.AppStore|x64.ActiveCfg = Debug|Any CPU
		{8E4B57D5-EC8E-460D-9266-F658A770DA8C}.AppStore|x64.Build.0 = Debug|Any CPU
		{8E4B57D5-EC8E-460D-9266-F658A770DA8C}.AppStore|x64.Deploy.0 = Debug|Any CPU
		{8E4B57D5-EC8E-460D-9266-F658A770DA8C}.AppStore|x86.ActiveCfg = Debug|Any CPU
		{8E4B57D5-EC8E-460D-9266-F658A770DA8C}.AppStore|x86.Build.0 = Debug|Any CPU
		{8E4B57D5-EC8E-460D-9266-F658A770DA8C}.AppStore|x86.Deploy.0 = Debug|Any CPU
		{8E4B57D5-EC8E-460D-9266-F658A770DA8C}.Debug|Any CPU.ActiveCfg = Debug|Any CPU
		{8E4B57D5-EC8E-460D-9266-F658A770DA8C}.Debug|Any CPU.Build.0 = Debug|Any CPU
		{8E4B57D5-EC8E-460D-9266-F658A770DA8C}.Debug|Any CPU.Deploy.0 = Debug|Any CPU
		{8E4B57D5-EC8E-460D-9266-F658A770DA8C}.Debug|ARM.ActiveCfg = Debug|Any CPU
		{8E4B57D5-EC8E-460D-9266-F658A770DA8C}.Debug|ARM.Build.0 = Debug|Any CPU
		{8E4B57D5-EC8E-460D-9266-F658A770DA8C}.Debug|ARM.Deploy.0 = Debug|Any CPU
		{8E4B57D5-EC8E-460D-9266-F658A770DA8C}.Debug|ARM64.ActiveCfg = Debug|Any CPU
		{8E4B57D5-EC8E-460D-9266-F658A770DA8C}.Debug|ARM64.Build.0 = Debug|Any CPU
		{8E4B57D5-EC8E-460D-9266-F658A770DA8C}.Debug|ARM64.Deploy.0 = Debug|Any CPU
		{8E4B57D5-EC8E-460D-9266-F658A770DA8C}.Debug|iPhone.ActiveCfg = Debug|Any CPU
		{8E4B57D5-EC8E-460D-9266-F658A770DA8C}.Debug|iPhone.Build.0 = Debug|Any CPU
		{8E4B57D5-EC8E-460D-9266-F658A770DA8C}.Debug|iPhone.Deploy.0 = Debug|Any CPU
		{8E4B57D5-EC8E-460D-9266-F658A770DA8C}.Debug|iPhoneSimulator.ActiveCfg = Debug|Any CPU
		{8E4B57D5-EC8E-460D-9266-F658A770DA8C}.Debug|iPhoneSimulator.Build.0 = Debug|Any CPU
		{8E4B57D5-EC8E-460D-9266-F658A770DA8C}.Debug|iPhoneSimulator.Deploy.0 = Debug|Any CPU
		{8E4B57D5-EC8E-460D-9266-F658A770DA8C}.Debug|x64.ActiveCfg = Debug|Any CPU
		{8E4B57D5-EC8E-460D-9266-F658A770DA8C}.Debug|x64.Build.0 = Debug|Any CPU
		{8E4B57D5-EC8E-460D-9266-F658A770DA8C}.Debug|x64.Deploy.0 = Debug|Any CPU
		{8E4B57D5-EC8E-460D-9266-F658A770DA8C}.Debug|x86.ActiveCfg = Debug|Any CPU
		{8E4B57D5-EC8E-460D-9266-F658A770DA8C}.Debug|x86.Build.0 = Debug|Any CPU
		{8E4B57D5-EC8E-460D-9266-F658A770DA8C}.Debug|x86.Deploy.0 = Debug|Any CPU
		{8E4B57D5-EC8E-460D-9266-F658A770DA8C}.Release|Any CPU.ActiveCfg = Release|Any CPU
		{8E4B57D5-EC8E-460D-9266-F658A770DA8C}.Release|Any CPU.Build.0 = Release|Any CPU
		{8E4B57D5-EC8E-460D-9266-F658A770DA8C}.Release|Any CPU.Deploy.0 = Release|Any CPU
		{8E4B57D5-EC8E-460D-9266-F658A770DA8C}.Release|ARM.ActiveCfg = Release|Any CPU
		{8E4B57D5-EC8E-460D-9266-F658A770DA8C}.Release|ARM.Build.0 = Release|Any CPU
		{8E4B57D5-EC8E-460D-9266-F658A770DA8C}.Release|ARM.Deploy.0 = Release|Any CPU
		{8E4B57D5-EC8E-460D-9266-F658A770DA8C}.Release|ARM64.ActiveCfg = Release|Any CPU
		{8E4B57D5-EC8E-460D-9266-F658A770DA8C}.Release|ARM64.Build.0 = Release|Any CPU
		{8E4B57D5-EC8E-460D-9266-F658A770DA8C}.Release|ARM64.Deploy.0 = Release|Any CPU
		{8E4B57D5-EC8E-460D-9266-F658A770DA8C}.Release|iPhone.ActiveCfg = Release|Any CPU
		{8E4B57D5-EC8E-460D-9266-F658A770DA8C}.Release|iPhone.Build.0 = Release|Any CPU
		{8E4B57D5-EC8E-460D-9266-F658A770DA8C}.Release|iPhone.Deploy.0 = Release|Any CPU
		{8E4B57D5-EC8E-460D-9266-F658A770DA8C}.Release|iPhoneSimulator.ActiveCfg = Release|Any CPU
		{8E4B57D5-EC8E-460D-9266-F658A770DA8C}.Release|iPhoneSimulator.Build.0 = Release|Any CPU
		{8E4B57D5-EC8E-460D-9266-F658A770DA8C}.Release|iPhoneSimulator.Deploy.0 = Release|Any CPU
		{8E4B57D5-EC8E-460D-9266-F658A770DA8C}.Release|x64.ActiveCfg = Release|Any CPU
		{8E4B57D5-EC8E-460D-9266-F658A770DA8C}.Release|x64.Build.0 = Release|Any CPU
		{8E4B57D5-EC8E-460D-9266-F658A770DA8C}.Release|x64.Deploy.0 = Release|Any CPU
		{8E4B57D5-EC8E-460D-9266-F658A770DA8C}.Release|x86.ActiveCfg = Release|Any CPU
		{8E4B57D5-EC8E-460D-9266-F658A770DA8C}.Release|x86.Build.0 = Release|Any CPU
		{8E4B57D5-EC8E-460D-9266-F658A770DA8C}.Release|x86.Deploy.0 = Release|Any CPU
		{E0E83820-626D-4A32-B27D-34690F649E9D}.Ad-Hoc|Any CPU.ActiveCfg = Ad-Hoc|iPhoneSimulator
		{E0E83820-626D-4A32-B27D-34690F649E9D}.Ad-Hoc|ARM.ActiveCfg = Ad-Hoc|iPhoneSimulator
		{E0E83820-626D-4A32-B27D-34690F649E9D}.Ad-Hoc|ARM64.ActiveCfg = Ad-Hoc|iPhoneSimulator
		{E0E83820-626D-4A32-B27D-34690F649E9D}.Ad-Hoc|iPhone.ActiveCfg = Ad-Hoc|iPhone
		{E0E83820-626D-4A32-B27D-34690F649E9D}.Ad-Hoc|iPhone.Build.0 = Ad-Hoc|iPhone
		{E0E83820-626D-4A32-B27D-34690F649E9D}.Ad-Hoc|iPhoneSimulator.ActiveCfg = Ad-Hoc|iPhoneSimulator
		{E0E83820-626D-4A32-B27D-34690F649E9D}.Ad-Hoc|iPhoneSimulator.Build.0 = Ad-Hoc|iPhoneSimulator
		{E0E83820-626D-4A32-B27D-34690F649E9D}.Ad-Hoc|x64.ActiveCfg = Ad-Hoc|iPhoneSimulator
		{E0E83820-626D-4A32-B27D-34690F649E9D}.Ad-Hoc|x86.ActiveCfg = Ad-Hoc|iPhoneSimulator
		{E0E83820-626D-4A32-B27D-34690F649E9D}.AppStore|Any CPU.ActiveCfg = AppStore|iPhoneSimulator
		{E0E83820-626D-4A32-B27D-34690F649E9D}.AppStore|ARM.ActiveCfg = AppStore|iPhoneSimulator
		{E0E83820-626D-4A32-B27D-34690F649E9D}.AppStore|ARM64.ActiveCfg = AppStore|iPhoneSimulator
		{E0E83820-626D-4A32-B27D-34690F649E9D}.AppStore|iPhone.ActiveCfg = AppStore|iPhone
		{E0E83820-626D-4A32-B27D-34690F649E9D}.AppStore|iPhone.Build.0 = AppStore|iPhone
		{E0E83820-626D-4A32-B27D-34690F649E9D}.AppStore|iPhoneSimulator.ActiveCfg = AppStore|iPhoneSimulator
		{E0E83820-626D-4A32-B27D-34690F649E9D}.AppStore|iPhoneSimulator.Build.0 = AppStore|iPhoneSimulator
		{E0E83820-626D-4A32-B27D-34690F649E9D}.AppStore|x64.ActiveCfg = AppStore|iPhoneSimulator
		{E0E83820-626D-4A32-B27D-34690F649E9D}.AppStore|x86.ActiveCfg = AppStore|iPhoneSimulator
		{E0E83820-626D-4A32-B27D-34690F649E9D}.Debug|Any CPU.ActiveCfg = Debug|iPhoneSimulator
		{E0E83820-626D-4A32-B27D-34690F649E9D}.Debug|ARM.ActiveCfg = Debug|iPhoneSimulator
		{E0E83820-626D-4A32-B27D-34690F649E9D}.Debug|ARM64.ActiveCfg = Debug|iPhoneSimulator
		{E0E83820-626D-4A32-B27D-34690F649E9D}.Debug|iPhone.ActiveCfg = Debug|iPhone
		{E0E83820-626D-4A32-B27D-34690F649E9D}.Debug|iPhone.Build.0 = Debug|iPhone
		{E0E83820-626D-4A32-B27D-34690F649E9D}.Debug|iPhoneSimulator.ActiveCfg = Debug|iPhoneSimulator
		{E0E83820-626D-4A32-B27D-34690F649E9D}.Debug|iPhoneSimulator.Build.0 = Debug|iPhoneSimulator
		{E0E83820-626D-4A32-B27D-34690F649E9D}.Debug|x64.ActiveCfg = Debug|iPhoneSimulator
		{E0E83820-626D-4A32-B27D-34690F649E9D}.Debug|x86.ActiveCfg = Debug|iPhoneSimulator
		{E0E83820-626D-4A32-B27D-34690F649E9D}.Release|Any CPU.ActiveCfg = Release|iPhoneSimulator
		{E0E83820-626D-4A32-B27D-34690F649E9D}.Release|ARM.ActiveCfg = Release|iPhoneSimulator
		{E0E83820-626D-4A32-B27D-34690F649E9D}.Release|ARM64.ActiveCfg = Release|iPhoneSimulator
		{E0E83820-626D-4A32-B27D-34690F649E9D}.Release|iPhone.ActiveCfg = Release|iPhone
		{E0E83820-626D-4A32-B27D-34690F649E9D}.Release|iPhone.Build.0 = Release|iPhone
		{E0E83820-626D-4A32-B27D-34690F649E9D}.Release|iPhoneSimulator.ActiveCfg = Release|iPhoneSimulator
		{E0E83820-626D-4A32-B27D-34690F649E9D}.Release|iPhoneSimulator.Build.0 = Release|iPhoneSimulator
		{E0E83820-626D-4A32-B27D-34690F649E9D}.Release|x64.ActiveCfg = Release|iPhoneSimulator
		{E0E83820-626D-4A32-B27D-34690F649E9D}.Release|x86.ActiveCfg = Release|iPhoneSimulator
		{0C4F27F3-3FFD-4DB3-A65D-CB0ACD011669}.Ad-Hoc|Any CPU.ActiveCfg = Debug|x86
		{0C4F27F3-3FFD-4DB3-A65D-CB0ACD011669}.Ad-Hoc|Any CPU.Build.0 = Debug|x86
		{0C4F27F3-3FFD-4DB3-A65D-CB0ACD011669}.Ad-Hoc|Any CPU.Deploy.0 = Debug|x86
		{0C4F27F3-3FFD-4DB3-A65D-CB0ACD011669}.Ad-Hoc|ARM.ActiveCfg = Debug|ARM
		{0C4F27F3-3FFD-4DB3-A65D-CB0ACD011669}.Ad-Hoc|ARM.Build.0 = Debug|ARM
		{0C4F27F3-3FFD-4DB3-A65D-CB0ACD011669}.Ad-Hoc|ARM.Deploy.0 = Debug|ARM
		{0C4F27F3-3FFD-4DB3-A65D-CB0ACD011669}.Ad-Hoc|ARM64.ActiveCfg = Debug|ARM64
		{0C4F27F3-3FFD-4DB3-A65D-CB0ACD011669}.Ad-Hoc|ARM64.Build.0 = Debug|ARM64
		{0C4F27F3-3FFD-4DB3-A65D-CB0ACD011669}.Ad-Hoc|ARM64.Deploy.0 = Debug|ARM64
		{0C4F27F3-3FFD-4DB3-A65D-CB0ACD011669}.Ad-Hoc|iPhone.ActiveCfg = Debug|x86
		{0C4F27F3-3FFD-4DB3-A65D-CB0ACD011669}.Ad-Hoc|iPhone.Build.0 = Debug|x86
		{0C4F27F3-3FFD-4DB3-A65D-CB0ACD011669}.Ad-Hoc|iPhone.Deploy.0 = Debug|x86
		{0C4F27F3-3FFD-4DB3-A65D-CB0ACD011669}.Ad-Hoc|iPhoneSimulator.ActiveCfg = Debug|x86
		{0C4F27F3-3FFD-4DB3-A65D-CB0ACD011669}.Ad-Hoc|iPhoneSimulator.Build.0 = Debug|x86
		{0C4F27F3-3FFD-4DB3-A65D-CB0ACD011669}.Ad-Hoc|iPhoneSimulator.Deploy.0 = Debug|x86
		{0C4F27F3-3FFD-4DB3-A65D-CB0ACD011669}.Ad-Hoc|x64.ActiveCfg = Debug|x64
		{0C4F27F3-3FFD-4DB3-A65D-CB0ACD011669}.Ad-Hoc|x64.Build.0 = Debug|x64
		{0C4F27F3-3FFD-4DB3-A65D-CB0ACD011669}.Ad-Hoc|x64.Deploy.0 = Debug|x64
		{0C4F27F3-3FFD-4DB3-A65D-CB0ACD011669}.Ad-Hoc|x86.ActiveCfg = Debug|x86
		{0C4F27F3-3FFD-4DB3-A65D-CB0ACD011669}.Ad-Hoc|x86.Build.0 = Debug|x86
		{0C4F27F3-3FFD-4DB3-A65D-CB0ACD011669}.Ad-Hoc|x86.Deploy.0 = Debug|x86
		{0C4F27F3-3FFD-4DB3-A65D-CB0ACD011669}.AppStore|Any CPU.ActiveCfg = Debug|x86
		{0C4F27F3-3FFD-4DB3-A65D-CB0ACD011669}.AppStore|Any CPU.Build.0 = Debug|x86
		{0C4F27F3-3FFD-4DB3-A65D-CB0ACD011669}.AppStore|Any CPU.Deploy.0 = Debug|x86
		{0C4F27F3-3FFD-4DB3-A65D-CB0ACD011669}.AppStore|ARM.ActiveCfg = Debug|ARM
		{0C4F27F3-3FFD-4DB3-A65D-CB0ACD011669}.AppStore|ARM.Build.0 = Debug|ARM
		{0C4F27F3-3FFD-4DB3-A65D-CB0ACD011669}.AppStore|ARM.Deploy.0 = Debug|ARM
		{0C4F27F3-3FFD-4DB3-A65D-CB0ACD011669}.AppStore|ARM64.ActiveCfg = Debug|ARM64
		{0C4F27F3-3FFD-4DB3-A65D-CB0ACD011669}.AppStore|ARM64.Build.0 = Debug|ARM64
		{0C4F27F3-3FFD-4DB3-A65D-CB0ACD011669}.AppStore|ARM64.Deploy.0 = Debug|ARM64
		{0C4F27F3-3FFD-4DB3-A65D-CB0ACD011669}.AppStore|iPhone.ActiveCfg = Debug|x86
		{0C4F27F3-3FFD-4DB3-A65D-CB0ACD011669}.AppStore|iPhone.Build.0 = Debug|x86
		{0C4F27F3-3FFD-4DB3-A65D-CB0ACD011669}.AppStore|iPhone.Deploy.0 = Debug|x86
		{0C4F27F3-3FFD-4DB3-A65D-CB0ACD011669}.AppStore|iPhoneSimulator.ActiveCfg = Debug|x86
		{0C4F27F3-3FFD-4DB3-A65D-CB0ACD011669}.AppStore|iPhoneSimulator.Build.0 = Debug|x86
		{0C4F27F3-3FFD-4DB3-A65D-CB0ACD011669}.AppStore|iPhoneSimulator.Deploy.0 = Debug|x86
		{0C4F27F3-3FFD-4DB3-A65D-CB0ACD011669}.AppStore|x64.ActiveCfg = Debug|x64
		{0C4F27F3-3FFD-4DB3-A65D-CB0ACD011669}.AppStore|x64.Build.0 = Debug|x64
		{0C4F27F3-3FFD-4DB3-A65D-CB0ACD011669}.AppStore|x64.Deploy.0 = Debug|x64
		{0C4F27F3-3FFD-4DB3-A65D-CB0ACD011669}.AppStore|x86.ActiveCfg = Debug|x86
		{0C4F27F3-3FFD-4DB3-A65D-CB0ACD011669}.AppStore|x86.Build.0 = Debug|x86
		{0C4F27F3-3FFD-4DB3-A65D-CB0ACD011669}.AppStore|x86.Deploy.0 = Debug|x86
		{0C4F27F3-3FFD-4DB3-A65D-CB0ACD011669}.Debug|Any CPU.ActiveCfg = Debug|x86
		{0C4F27F3-3FFD-4DB3-A65D-CB0ACD011669}.Debug|Any CPU.Build.0 = Debug|x86
		{0C4F27F3-3FFD-4DB3-A65D-CB0ACD011669}.Debug|Any CPU.Deploy.0 = Debug|x86
		{0C4F27F3-3FFD-4DB3-A65D-CB0ACD011669}.Debug|ARM.ActiveCfg = Debug|ARM
		{0C4F27F3-3FFD-4DB3-A65D-CB0ACD011669}.Debug|ARM.Build.0 = Debug|ARM
		{0C4F27F3-3FFD-4DB3-A65D-CB0ACD011669}.Debug|ARM.Deploy.0 = Debug|ARM
		{0C4F27F3-3FFD-4DB3-A65D-CB0ACD011669}.Debug|ARM64.ActiveCfg = Debug|ARM64
		{0C4F27F3-3FFD-4DB3-A65D-CB0ACD011669}.Debug|ARM64.Build.0 = Debug|ARM64
		{0C4F27F3-3FFD-4DB3-A65D-CB0ACD011669}.Debug|ARM64.Deploy.0 = Debug|ARM64
		{0C4F27F3-3FFD-4DB3-A65D-CB0ACD011669}.Debug|iPhone.ActiveCfg = Debug|x86
		{0C4F27F3-3FFD-4DB3-A65D-CB0ACD011669}.Debug|iPhoneSimulator.ActiveCfg = Debug|x86
		{0C4F27F3-3FFD-4DB3-A65D-CB0ACD011669}.Debug|x64.ActiveCfg = Debug|x64
		{0C4F27F3-3FFD-4DB3-A65D-CB0ACD011669}.Debug|x64.Build.0 = Debug|x64
		{0C4F27F3-3FFD-4DB3-A65D-CB0ACD011669}.Debug|x64.Deploy.0 = Debug|x64
		{0C4F27F3-3FFD-4DB3-A65D-CB0ACD011669}.Debug|x86.ActiveCfg = Debug|x86
		{0C4F27F3-3FFD-4DB3-A65D-CB0ACD011669}.Debug|x86.Build.0 = Debug|x86
		{0C4F27F3-3FFD-4DB3-A65D-CB0ACD011669}.Debug|x86.Deploy.0 = Debug|x86
		{0C4F27F3-3FFD-4DB3-A65D-CB0ACD011669}.Release|Any CPU.ActiveCfg = Release|x86
		{0C4F27F3-3FFD-4DB3-A65D-CB0ACD011669}.Release|ARM.ActiveCfg = Release|ARM
		{0C4F27F3-3FFD-4DB3-A65D-CB0ACD011669}.Release|ARM.Build.0 = Release|ARM
		{0C4F27F3-3FFD-4DB3-A65D-CB0ACD011669}.Release|ARM.Deploy.0 = Release|ARM
		{0C4F27F3-3FFD-4DB3-A65D-CB0ACD011669}.Release|ARM64.ActiveCfg = Release|ARM64
		{0C4F27F3-3FFD-4DB3-A65D-CB0ACD011669}.Release|ARM64.Build.0 = Release|ARM64
		{0C4F27F3-3FFD-4DB3-A65D-CB0ACD011669}.Release|ARM64.Deploy.0 = Release|ARM64
		{0C4F27F3-3FFD-4DB3-A65D-CB0ACD011669}.Release|iPhone.ActiveCfg = Release|x86
		{0C4F27F3-3FFD-4DB3-A65D-CB0ACD011669}.Release|iPhoneSimulator.ActiveCfg = Release|x86
		{0C4F27F3-3FFD-4DB3-A65D-CB0ACD011669}.Release|x64.ActiveCfg = Release|x64
		{0C4F27F3-3FFD-4DB3-A65D-CB0ACD011669}.Release|x64.Build.0 = Release|x64
		{0C4F27F3-3FFD-4DB3-A65D-CB0ACD011669}.Release|x64.Deploy.0 = Release|x64
		{0C4F27F3-3FFD-4DB3-A65D-CB0ACD011669}.Release|x86.ActiveCfg = Release|x86
		{0C4F27F3-3FFD-4DB3-A65D-CB0ACD011669}.Release|x86.Build.0 = Release|x86
		{0C4F27F3-3FFD-4DB3-A65D-CB0ACD011669}.Release|x86.Deploy.0 = Release|x86
		{04968496-F12F-4F5A-8E1B-ED04AE296467}.Ad-Hoc|Any CPU.ActiveCfg = Debug|Any CPU
		{04968496-F12F-4F5A-8E1B-ED04AE296467}.Ad-Hoc|Any CPU.Build.0 = Debug|Any CPU
		{04968496-F12F-4F5A-8E1B-ED04AE296467}.Ad-Hoc|ARM.ActiveCfg = Debug|Any CPU
		{04968496-F12F-4F5A-8E1B-ED04AE296467}.Ad-Hoc|ARM.Build.0 = Debug|Any CPU
		{04968496-F12F-4F5A-8E1B-ED04AE296467}.Ad-Hoc|ARM64.ActiveCfg = Debug|Any CPU
		{04968496-F12F-4F5A-8E1B-ED04AE296467}.Ad-Hoc|ARM64.Build.0 = Debug|Any CPU
		{04968496-F12F-4F5A-8E1B-ED04AE296467}.Ad-Hoc|iPhone.ActiveCfg = Debug|Any CPU
		{04968496-F12F-4F5A-8E1B-ED04AE296467}.Ad-Hoc|iPhone.Build.0 = Debug|Any CPU
		{04968496-F12F-4F5A-8E1B-ED04AE296467}.Ad-Hoc|iPhoneSimulator.ActiveCfg = Debug|Any CPU
		{04968496-F12F-4F5A-8E1B-ED04AE296467}.Ad-Hoc|iPhoneSimulator.Build.0 = Debug|Any CPU
		{04968496-F12F-4F5A-8E1B-ED04AE296467}.Ad-Hoc|x64.ActiveCfg = Debug|Any CPU
		{04968496-F12F-4F5A-8E1B-ED04AE296467}.Ad-Hoc|x64.Build.0 = Debug|Any CPU
		{04968496-F12F-4F5A-8E1B-ED04AE296467}.Ad-Hoc|x86.ActiveCfg = Debug|Any CPU
		{04968496-F12F-4F5A-8E1B-ED04AE296467}.Ad-Hoc|x86.Build.0 = Debug|Any CPU
		{04968496-F12F-4F5A-8E1B-ED04AE296467}.AppStore|Any CPU.ActiveCfg = Debug|Any CPU
		{04968496-F12F-4F5A-8E1B-ED04AE296467}.AppStore|Any CPU.Build.0 = Debug|Any CPU
		{04968496-F12F-4F5A-8E1B-ED04AE296467}.AppStore|ARM.ActiveCfg = Debug|Any CPU
		{04968496-F12F-4F5A-8E1B-ED04AE296467}.AppStore|ARM.Build.0 = Debug|Any CPU
		{04968496-F12F-4F5A-8E1B-ED04AE296467}.AppStore|ARM64.ActiveCfg = Debug|Any CPU
		{04968496-F12F-4F5A-8E1B-ED04AE296467}.AppStore|ARM64.Build.0 = Debug|Any CPU
		{04968496-F12F-4F5A-8E1B-ED04AE296467}.AppStore|iPhone.ActiveCfg = Debug|Any CPU
		{04968496-F12F-4F5A-8E1B-ED04AE296467}.AppStore|iPhone.Build.0 = Debug|Any CPU
		{04968496-F12F-4F5A-8E1B-ED04AE296467}.AppStore|iPhoneSimulator.ActiveCfg = Debug|Any CPU
		{04968496-F12F-4F5A-8E1B-ED04AE296467}.AppStore|iPhoneSimulator.Build.0 = Debug|Any CPU
		{04968496-F12F-4F5A-8E1B-ED04AE296467}.AppStore|x64.ActiveCfg = Debug|Any CPU
		{04968496-F12F-4F5A-8E1B-ED04AE296467}.AppStore|x64.Build.0 = Debug|Any CPU
		{04968496-F12F-4F5A-8E1B-ED04AE296467}.AppStore|x86.ActiveCfg = Debug|Any CPU
		{04968496-F12F-4F5A-8E1B-ED04AE296467}.AppStore|x86.Build.0 = Debug|Any CPU
		{04968496-F12F-4F5A-8E1B-ED04AE296467}.Debug|Any CPU.ActiveCfg = Debug|Any CPU
		{04968496-F12F-4F5A-8E1B-ED04AE296467}.Debug|Any CPU.Build.0 = Debug|Any CPU
		{04968496-F12F-4F5A-8E1B-ED04AE296467}.Debug|ARM.ActiveCfg = Debug|Any CPU
		{04968496-F12F-4F5A-8E1B-ED04AE296467}.Debug|ARM.Build.0 = Debug|Any CPU
		{04968496-F12F-4F5A-8E1B-ED04AE296467}.Debug|ARM64.ActiveCfg = Debug|Any CPU
		{04968496-F12F-4F5A-8E1B-ED04AE296467}.Debug|ARM64.Build.0 = Debug|Any CPU
		{04968496-F12F-4F5A-8E1B-ED04AE296467}.Debug|iPhone.ActiveCfg = Debug|Any CPU
		{04968496-F12F-4F5A-8E1B-ED04AE296467}.Debug|iPhone.Build.0 = Debug|Any CPU
		{04968496-F12F-4F5A-8E1B-ED04AE296467}.Debug|iPhoneSimulator.ActiveCfg = Debug|Any CPU
		{04968496-F12F-4F5A-8E1B-ED04AE296467}.Debug|iPhoneSimulator.Build.0 = Debug|Any CPU
		{04968496-F12F-4F5A-8E1B-ED04AE296467}.Debug|x64.ActiveCfg = Debug|Any CPU
		{04968496-F12F-4F5A-8E1B-ED04AE296467}.Debug|x64.Build.0 = Debug|Any CPU
		{04968496-F12F-4F5A-8E1B-ED04AE296467}.Debug|x86.ActiveCfg = Debug|Any CPU
		{04968496-F12F-4F5A-8E1B-ED04AE296467}.Debug|x86.Build.0 = Debug|Any CPU
		{04968496-F12F-4F5A-8E1B-ED04AE296467}.Release|Any CPU.ActiveCfg = Release|Any CPU
		{04968496-F12F-4F5A-8E1B-ED04AE296467}.Release|Any CPU.Build.0 = Release|Any CPU
		{04968496-F12F-4F5A-8E1B-ED04AE296467}.Release|ARM.ActiveCfg = Release|Any CPU
		{04968496-F12F-4F5A-8E1B-ED04AE296467}.Release|ARM.Build.0 = Release|Any CPU
		{04968496-F12F-4F5A-8E1B-ED04AE296467}.Release|ARM64.ActiveCfg = Release|Any CPU
		{04968496-F12F-4F5A-8E1B-ED04AE296467}.Release|ARM64.Build.0 = Release|Any CPU
		{04968496-F12F-4F5A-8E1B-ED04AE296467}.Release|iPhone.ActiveCfg = Release|Any CPU
		{04968496-F12F-4F5A-8E1B-ED04AE296467}.Release|iPhone.Build.0 = Release|Any CPU
		{04968496-F12F-4F5A-8E1B-ED04AE296467}.Release|iPhoneSimulator.ActiveCfg = Release|Any CPU
		{04968496-F12F-4F5A-8E1B-ED04AE296467}.Release|iPhoneSimulator.Build.0 = Release|Any CPU
		{04968496-F12F-4F5A-8E1B-ED04AE296467}.Release|x64.ActiveCfg = Release|Any CPU
		{04968496-F12F-4F5A-8E1B-ED04AE296467}.Release|x64.Build.0 = Release|Any CPU
		{04968496-F12F-4F5A-8E1B-ED04AE296467}.Release|x86.ActiveCfg = Release|Any CPU
		{04968496-F12F-4F5A-8E1B-ED04AE296467}.Release|x86.Build.0 = Release|Any CPU
		{74383B7D-6169-4B63-923D-19A82609BAB2}.Ad-Hoc|Any CPU.ActiveCfg = Debug|iPhoneSimulator
		{74383B7D-6169-4B63-923D-19A82609BAB2}.Ad-Hoc|Any CPU.Build.0 = Debug|iPhoneSimulator
		{74383B7D-6169-4B63-923D-19A82609BAB2}.Ad-Hoc|ARM.ActiveCfg = Debug|iPhoneSimulator
		{74383B7D-6169-4B63-923D-19A82609BAB2}.Ad-Hoc|ARM.Build.0 = Debug|iPhoneSimulator
		{74383B7D-6169-4B63-923D-19A82609BAB2}.Ad-Hoc|ARM64.ActiveCfg = Debug|iPhoneSimulator
		{74383B7D-6169-4B63-923D-19A82609BAB2}.Ad-Hoc|ARM64.Build.0 = Debug|iPhoneSimulator
		{74383B7D-6169-4B63-923D-19A82609BAB2}.Ad-Hoc|iPhone.ActiveCfg = Debug|iPhoneSimulator
		{74383B7D-6169-4B63-923D-19A82609BAB2}.Ad-Hoc|iPhone.Build.0 = Debug|iPhoneSimulator
		{74383B7D-6169-4B63-923D-19A82609BAB2}.Ad-Hoc|iPhoneSimulator.ActiveCfg = Debug|iPhoneSimulator
		{74383B7D-6169-4B63-923D-19A82609BAB2}.Ad-Hoc|iPhoneSimulator.Build.0 = Debug|iPhoneSimulator
		{74383B7D-6169-4B63-923D-19A82609BAB2}.Ad-Hoc|x64.ActiveCfg = Debug|iPhoneSimulator
		{74383B7D-6169-4B63-923D-19A82609BAB2}.Ad-Hoc|x64.Build.0 = Debug|iPhoneSimulator
		{74383B7D-6169-4B63-923D-19A82609BAB2}.Ad-Hoc|x86.ActiveCfg = Debug|iPhoneSimulator
		{74383B7D-6169-4B63-923D-19A82609BAB2}.Ad-Hoc|x86.Build.0 = Debug|iPhoneSimulator
		{74383B7D-6169-4B63-923D-19A82609BAB2}.AppStore|Any CPU.ActiveCfg = Debug|iPhoneSimulator
		{74383B7D-6169-4B63-923D-19A82609BAB2}.AppStore|Any CPU.Build.0 = Debug|iPhoneSimulator
		{74383B7D-6169-4B63-923D-19A82609BAB2}.AppStore|ARM.ActiveCfg = Debug|iPhoneSimulator
		{74383B7D-6169-4B63-923D-19A82609BAB2}.AppStore|ARM.Build.0 = Debug|iPhoneSimulator
		{74383B7D-6169-4B63-923D-19A82609BAB2}.AppStore|ARM64.ActiveCfg = Debug|iPhoneSimulator
		{74383B7D-6169-4B63-923D-19A82609BAB2}.AppStore|ARM64.Build.0 = Debug|iPhoneSimulator
		{74383B7D-6169-4B63-923D-19A82609BAB2}.AppStore|iPhone.ActiveCfg = Debug|iPhoneSimulator
		{74383B7D-6169-4B63-923D-19A82609BAB2}.AppStore|iPhone.Build.0 = Debug|iPhoneSimulator
		{74383B7D-6169-4B63-923D-19A82609BAB2}.AppStore|iPhoneSimulator.ActiveCfg = Debug|iPhoneSimulator
		{74383B7D-6169-4B63-923D-19A82609BAB2}.AppStore|iPhoneSimulator.Build.0 = Debug|iPhoneSimulator
		{74383B7D-6169-4B63-923D-19A82609BAB2}.AppStore|x64.ActiveCfg = Debug|iPhoneSimulator
		{74383B7D-6169-4B63-923D-19A82609BAB2}.AppStore|x64.Build.0 = Debug|iPhoneSimulator
		{74383B7D-6169-4B63-923D-19A82609BAB2}.AppStore|x86.ActiveCfg = Debug|iPhoneSimulator
		{74383B7D-6169-4B63-923D-19A82609BAB2}.AppStore|x86.Build.0 = Debug|iPhoneSimulator
		{74383B7D-6169-4B63-923D-19A82609BAB2}.Debug|Any CPU.ActiveCfg = Debug|iPhoneSimulator
		{74383B7D-6169-4B63-923D-19A82609BAB2}.Debug|ARM.ActiveCfg = Debug|iPhoneSimulator
		{74383B7D-6169-4B63-923D-19A82609BAB2}.Debug|ARM64.ActiveCfg = Debug|iPhoneSimulator
		{74383B7D-6169-4B63-923D-19A82609BAB2}.Debug|iPhone.ActiveCfg = Debug|iPhoneSimulator
		{74383B7D-6169-4B63-923D-19A82609BAB2}.Debug|iPhoneSimulator.ActiveCfg = Debug|iPhoneSimulator
		{74383B7D-6169-4B63-923D-19A82609BAB2}.Debug|iPhoneSimulator.Build.0 = Debug|iPhoneSimulator
		{74383B7D-6169-4B63-923D-19A82609BAB2}.Debug|x64.ActiveCfg = Debug|iPhoneSimulator
		{74383B7D-6169-4B63-923D-19A82609BAB2}.Debug|x86.ActiveCfg = Debug|iPhoneSimulator
		{74383B7D-6169-4B63-923D-19A82609BAB2}.Release|Any CPU.ActiveCfg = Release|iPhoneSimulator
		{74383B7D-6169-4B63-923D-19A82609BAB2}.Release|ARM.ActiveCfg = Release|iPhoneSimulator
		{74383B7D-6169-4B63-923D-19A82609BAB2}.Release|ARM64.ActiveCfg = Release|iPhoneSimulator
		{74383B7D-6169-4B63-923D-19A82609BAB2}.Release|iPhone.ActiveCfg = Release|iPhoneSimulator
		{74383B7D-6169-4B63-923D-19A82609BAB2}.Release|iPhoneSimulator.ActiveCfg = Release|iPhoneSimulator
		{74383B7D-6169-4B63-923D-19A82609BAB2}.Release|iPhoneSimulator.Build.0 = Release|iPhoneSimulator
		{74383B7D-6169-4B63-923D-19A82609BAB2}.Release|x64.ActiveCfg = Release|iPhoneSimulator
		{74383B7D-6169-4B63-923D-19A82609BAB2}.Release|x86.ActiveCfg = Release|iPhoneSimulator
		{AA9B0B97-D2A6-4524-9A34-95E44B4D877A}.Ad-Hoc|Any CPU.ActiveCfg = Debug|Any CPU
		{AA9B0B97-D2A6-4524-9A34-95E44B4D877A}.Ad-Hoc|Any CPU.Build.0 = Debug|Any CPU
		{AA9B0B97-D2A6-4524-9A34-95E44B4D877A}.Ad-Hoc|ARM.ActiveCfg = Debug|Any CPU
		{AA9B0B97-D2A6-4524-9A34-95E44B4D877A}.Ad-Hoc|ARM.Build.0 = Debug|Any CPU
		{AA9B0B97-D2A6-4524-9A34-95E44B4D877A}.Ad-Hoc|ARM64.ActiveCfg = Debug|Any CPU
		{AA9B0B97-D2A6-4524-9A34-95E44B4D877A}.Ad-Hoc|ARM64.Build.0 = Debug|Any CPU
		{AA9B0B97-D2A6-4524-9A34-95E44B4D877A}.Ad-Hoc|iPhone.ActiveCfg = Debug|Any CPU
		{AA9B0B97-D2A6-4524-9A34-95E44B4D877A}.Ad-Hoc|iPhone.Build.0 = Debug|Any CPU
		{AA9B0B97-D2A6-4524-9A34-95E44B4D877A}.Ad-Hoc|iPhoneSimulator.ActiveCfg = Debug|Any CPU
		{AA9B0B97-D2A6-4524-9A34-95E44B4D877A}.Ad-Hoc|iPhoneSimulator.Build.0 = Debug|Any CPU
		{AA9B0B97-D2A6-4524-9A34-95E44B4D877A}.Ad-Hoc|x64.ActiveCfg = Debug|Any CPU
		{AA9B0B97-D2A6-4524-9A34-95E44B4D877A}.Ad-Hoc|x64.Build.0 = Debug|Any CPU
		{AA9B0B97-D2A6-4524-9A34-95E44B4D877A}.Ad-Hoc|x86.ActiveCfg = Debug|Any CPU
		{AA9B0B97-D2A6-4524-9A34-95E44B4D877A}.Ad-Hoc|x86.Build.0 = Debug|Any CPU
		{AA9B0B97-D2A6-4524-9A34-95E44B4D877A}.AppStore|Any CPU.ActiveCfg = Debug|Any CPU
		{AA9B0B97-D2A6-4524-9A34-95E44B4D877A}.AppStore|Any CPU.Build.0 = Debug|Any CPU
		{AA9B0B97-D2A6-4524-9A34-95E44B4D877A}.AppStore|ARM.ActiveCfg = Debug|Any CPU
		{AA9B0B97-D2A6-4524-9A34-95E44B4D877A}.AppStore|ARM.Build.0 = Debug|Any CPU
		{AA9B0B97-D2A6-4524-9A34-95E44B4D877A}.AppStore|ARM64.ActiveCfg = Debug|Any CPU
		{AA9B0B97-D2A6-4524-9A34-95E44B4D877A}.AppStore|ARM64.Build.0 = Debug|Any CPU
		{AA9B0B97-D2A6-4524-9A34-95E44B4D877A}.AppStore|iPhone.ActiveCfg = Debug|Any CPU
		{AA9B0B97-D2A6-4524-9A34-95E44B4D877A}.AppStore|iPhone.Build.0 = Debug|Any CPU
		{AA9B0B97-D2A6-4524-9A34-95E44B4D877A}.AppStore|iPhoneSimulator.ActiveCfg = Debug|Any CPU
		{AA9B0B97-D2A6-4524-9A34-95E44B4D877A}.AppStore|iPhoneSimulator.Build.0 = Debug|Any CPU
		{AA9B0B97-D2A6-4524-9A34-95E44B4D877A}.AppStore|x64.ActiveCfg = Debug|Any CPU
		{AA9B0B97-D2A6-4524-9A34-95E44B4D877A}.AppStore|x64.Build.0 = Debug|Any CPU
		{AA9B0B97-D2A6-4524-9A34-95E44B4D877A}.AppStore|x86.ActiveCfg = Debug|Any CPU
		{AA9B0B97-D2A6-4524-9A34-95E44B4D877A}.AppStore|x86.Build.0 = Debug|Any CPU
		{AA9B0B97-D2A6-4524-9A34-95E44B4D877A}.Debug|Any CPU.ActiveCfg = Debug|Any CPU
		{AA9B0B97-D2A6-4524-9A34-95E44B4D877A}.Debug|Any CPU.Build.0 = Debug|Any CPU
		{AA9B0B97-D2A6-4524-9A34-95E44B4D877A}.Debug|ARM.ActiveCfg = Debug|Any CPU
		{AA9B0B97-D2A6-4524-9A34-95E44B4D877A}.Debug|ARM.Build.0 = Debug|Any CPU
		{AA9B0B97-D2A6-4524-9A34-95E44B4D877A}.Debug|ARM64.ActiveCfg = Debug|Any CPU
		{AA9B0B97-D2A6-4524-9A34-95E44B4D877A}.Debug|ARM64.Build.0 = Debug|Any CPU
		{AA9B0B97-D2A6-4524-9A34-95E44B4D877A}.Debug|iPhone.ActiveCfg = Debug|Any CPU
		{AA9B0B97-D2A6-4524-9A34-95E44B4D877A}.Debug|iPhone.Build.0 = Debug|Any CPU
		{AA9B0B97-D2A6-4524-9A34-95E44B4D877A}.Debug|iPhoneSimulator.ActiveCfg = Debug|Any CPU
		{AA9B0B97-D2A6-4524-9A34-95E44B4D877A}.Debug|iPhoneSimulator.Build.0 = Debug|Any CPU
		{AA9B0B97-D2A6-4524-9A34-95E44B4D877A}.Debug|x64.ActiveCfg = Debug|Any CPU
		{AA9B0B97-D2A6-4524-9A34-95E44B4D877A}.Debug|x64.Build.0 = Debug|Any CPU
		{AA9B0B97-D2A6-4524-9A34-95E44B4D877A}.Debug|x86.ActiveCfg = Debug|Any CPU
		{AA9B0B97-D2A6-4524-9A34-95E44B4D877A}.Debug|x86.Build.0 = Debug|Any CPU
		{AA9B0B97-D2A6-4524-9A34-95E44B4D877A}.Release|Any CPU.ActiveCfg = Release|Any CPU
		{AA9B0B97-D2A6-4524-9A34-95E44B4D877A}.Release|Any CPU.Build.0 = Release|Any CPU
		{AA9B0B97-D2A6-4524-9A34-95E44B4D877A}.Release|ARM.ActiveCfg = Release|Any CPU
		{AA9B0B97-D2A6-4524-9A34-95E44B4D877A}.Release|ARM.Build.0 = Release|Any CPU
		{AA9B0B97-D2A6-4524-9A34-95E44B4D877A}.Release|ARM64.ActiveCfg = Release|Any CPU
		{AA9B0B97-D2A6-4524-9A34-95E44B4D877A}.Release|ARM64.Build.0 = Release|Any CPU
		{AA9B0B97-D2A6-4524-9A34-95E44B4D877A}.Release|iPhone.ActiveCfg = Release|Any CPU
		{AA9B0B97-D2A6-4524-9A34-95E44B4D877A}.Release|iPhone.Build.0 = Release|Any CPU
		{AA9B0B97-D2A6-4524-9A34-95E44B4D877A}.Release|iPhoneSimulator.ActiveCfg = Release|Any CPU
		{AA9B0B97-D2A6-4524-9A34-95E44B4D877A}.Release|iPhoneSimulator.Build.0 = Release|Any CPU
		{AA9B0B97-D2A6-4524-9A34-95E44B4D877A}.Release|x64.ActiveCfg = Release|Any CPU
		{AA9B0B97-D2A6-4524-9A34-95E44B4D877A}.Release|x64.Build.0 = Release|Any CPU
		{AA9B0B97-D2A6-4524-9A34-95E44B4D877A}.Release|x86.ActiveCfg = Release|Any CPU
		{AA9B0B97-D2A6-4524-9A34-95E44B4D877A}.Release|x86.Build.0 = Release|Any CPU
		{96DB9079-4FE1-439E-B955-B3DF594D1264}.Ad-Hoc|Any CPU.ActiveCfg = Debug|Any CPU
		{96DB9079-4FE1-439E-B955-B3DF594D1264}.Ad-Hoc|Any CPU.Build.0 = Debug|Any CPU
		{96DB9079-4FE1-439E-B955-B3DF594D1264}.Ad-Hoc|ARM.ActiveCfg = Debug|Any CPU
		{96DB9079-4FE1-439E-B955-B3DF594D1264}.Ad-Hoc|ARM.Build.0 = Debug|Any CPU
		{96DB9079-4FE1-439E-B955-B3DF594D1264}.Ad-Hoc|ARM64.ActiveCfg = Debug|Any CPU
		{96DB9079-4FE1-439E-B955-B3DF594D1264}.Ad-Hoc|ARM64.Build.0 = Debug|Any CPU
		{96DB9079-4FE1-439E-B955-B3DF594D1264}.Ad-Hoc|iPhone.ActiveCfg = Debug|Any CPU
		{96DB9079-4FE1-439E-B955-B3DF594D1264}.Ad-Hoc|iPhone.Build.0 = Debug|Any CPU
		{96DB9079-4FE1-439E-B955-B3DF594D1264}.Ad-Hoc|iPhoneSimulator.ActiveCfg = Debug|Any CPU
		{96DB9079-4FE1-439E-B955-B3DF594D1264}.Ad-Hoc|iPhoneSimulator.Build.0 = Debug|Any CPU
		{96DB9079-4FE1-439E-B955-B3DF594D1264}.Ad-Hoc|x64.ActiveCfg = Debug|Any CPU
		{96DB9079-4FE1-439E-B955-B3DF594D1264}.Ad-Hoc|x64.Build.0 = Debug|Any CPU
		{96DB9079-4FE1-439E-B955-B3DF594D1264}.Ad-Hoc|x86.ActiveCfg = Debug|Any CPU
		{96DB9079-4FE1-439E-B955-B3DF594D1264}.Ad-Hoc|x86.Build.0 = Debug|Any CPU
		{96DB9079-4FE1-439E-B955-B3DF594D1264}.AppStore|Any CPU.ActiveCfg = Debug|Any CPU
		{96DB9079-4FE1-439E-B955-B3DF594D1264}.AppStore|Any CPU.Build.0 = Debug|Any CPU
		{96DB9079-4FE1-439E-B955-B3DF594D1264}.AppStore|ARM.ActiveCfg = Debug|Any CPU
		{96DB9079-4FE1-439E-B955-B3DF594D1264}.AppStore|ARM.Build.0 = Debug|Any CPU
		{96DB9079-4FE1-439E-B955-B3DF594D1264}.AppStore|ARM64.ActiveCfg = Debug|Any CPU
		{96DB9079-4FE1-439E-B955-B3DF594D1264}.AppStore|ARM64.Build.0 = Debug|Any CPU
		{96DB9079-4FE1-439E-B955-B3DF594D1264}.AppStore|iPhone.ActiveCfg = Debug|Any CPU
		{96DB9079-4FE1-439E-B955-B3DF594D1264}.AppStore|iPhone.Build.0 = Debug|Any CPU
		{96DB9079-4FE1-439E-B955-B3DF594D1264}.AppStore|iPhoneSimulator.ActiveCfg = Debug|Any CPU
		{96DB9079-4FE1-439E-B955-B3DF594D1264}.AppStore|iPhoneSimulator.Build.0 = Debug|Any CPU
		{96DB9079-4FE1-439E-B955-B3DF594D1264}.AppStore|x64.ActiveCfg = Debug|Any CPU
		{96DB9079-4FE1-439E-B955-B3DF594D1264}.AppStore|x64.Build.0 = Debug|Any CPU
		{96DB9079-4FE1-439E-B955-B3DF594D1264}.AppStore|x86.ActiveCfg = Debug|Any CPU
		{96DB9079-4FE1-439E-B955-B3DF594D1264}.AppStore|x86.Build.0 = Debug|Any CPU
		{96DB9079-4FE1-439E-B955-B3DF594D1264}.Debug|Any CPU.ActiveCfg = Debug|Any CPU
		{96DB9079-4FE1-439E-B955-B3DF594D1264}.Debug|Any CPU.Build.0 = Debug|Any CPU
		{96DB9079-4FE1-439E-B955-B3DF594D1264}.Debug|ARM.ActiveCfg = Debug|Any CPU
		{96DB9079-4FE1-439E-B955-B3DF594D1264}.Debug|ARM.Build.0 = Debug|Any CPU
		{96DB9079-4FE1-439E-B955-B3DF594D1264}.Debug|ARM64.ActiveCfg = Debug|Any CPU
		{96DB9079-4FE1-439E-B955-B3DF594D1264}.Debug|ARM64.Build.0 = Debug|Any CPU
		{96DB9079-4FE1-439E-B955-B3DF594D1264}.Debug|iPhone.ActiveCfg = Debug|Any CPU
		{96DB9079-4FE1-439E-B955-B3DF594D1264}.Debug|iPhone.Build.0 = Debug|Any CPU
		{96DB9079-4FE1-439E-B955-B3DF594D1264}.Debug|iPhoneSimulator.ActiveCfg = Debug|Any CPU
		{96DB9079-4FE1-439E-B955-B3DF594D1264}.Debug|iPhoneSimulator.Build.0 = Debug|Any CPU
		{96DB9079-4FE1-439E-B955-B3DF594D1264}.Debug|x64.ActiveCfg = Debug|Any CPU
		{96DB9079-4FE1-439E-B955-B3DF594D1264}.Debug|x64.Build.0 = Debug|Any CPU
		{96DB9079-4FE1-439E-B955-B3DF594D1264}.Debug|x86.ActiveCfg = Debug|Any CPU
		{96DB9079-4FE1-439E-B955-B3DF594D1264}.Debug|x86.Build.0 = Debug|Any CPU
		{96DB9079-4FE1-439E-B955-B3DF594D1264}.Release|Any CPU.ActiveCfg = Release|Any CPU
		{96DB9079-4FE1-439E-B955-B3DF594D1264}.Release|Any CPU.Build.0 = Release|Any CPU
		{96DB9079-4FE1-439E-B955-B3DF594D1264}.Release|ARM.ActiveCfg = Release|Any CPU
		{96DB9079-4FE1-439E-B955-B3DF594D1264}.Release|ARM.Build.0 = Release|Any CPU
		{96DB9079-4FE1-439E-B955-B3DF594D1264}.Release|ARM64.ActiveCfg = Release|Any CPU
		{96DB9079-4FE1-439E-B955-B3DF594D1264}.Release|ARM64.Build.0 = Release|Any CPU
		{96DB9079-4FE1-439E-B955-B3DF594D1264}.Release|iPhone.ActiveCfg = Release|Any CPU
		{96DB9079-4FE1-439E-B955-B3DF594D1264}.Release|iPhone.Build.0 = Release|Any CPU
		{96DB9079-4FE1-439E-B955-B3DF594D1264}.Release|iPhoneSimulator.ActiveCfg = Release|Any CPU
		{96DB9079-4FE1-439E-B955-B3DF594D1264}.Release|iPhoneSimulator.Build.0 = Release|Any CPU
		{96DB9079-4FE1-439E-B955-B3DF594D1264}.Release|x64.ActiveCfg = Release|Any CPU
		{96DB9079-4FE1-439E-B955-B3DF594D1264}.Release|x64.Build.0 = Release|Any CPU
		{96DB9079-4FE1-439E-B955-B3DF594D1264}.Release|x86.ActiveCfg = Release|Any CPU
		{96DB9079-4FE1-439E-B955-B3DF594D1264}.Release|x86.Build.0 = Release|Any CPU
		{1E3B6B16-F8B1-4ED6-BD2E-35D568962D6A}.Ad-Hoc|Any CPU.ActiveCfg = Debug|Any CPU
		{1E3B6B16-F8B1-4ED6-BD2E-35D568962D6A}.Ad-Hoc|Any CPU.Build.0 = Debug|Any CPU
		{1E3B6B16-F8B1-4ED6-BD2E-35D568962D6A}.Ad-Hoc|ARM.ActiveCfg = Debug|Any CPU
		{1E3B6B16-F8B1-4ED6-BD2E-35D568962D6A}.Ad-Hoc|ARM.Build.0 = Debug|Any CPU
		{1E3B6B16-F8B1-4ED6-BD2E-35D568962D6A}.Ad-Hoc|ARM64.ActiveCfg = Debug|Any CPU
		{1E3B6B16-F8B1-4ED6-BD2E-35D568962D6A}.Ad-Hoc|ARM64.Build.0 = Debug|Any CPU
		{1E3B6B16-F8B1-4ED6-BD2E-35D568962D6A}.Ad-Hoc|iPhone.ActiveCfg = Debug|Any CPU
		{1E3B6B16-F8B1-4ED6-BD2E-35D568962D6A}.Ad-Hoc|iPhone.Build.0 = Debug|Any CPU
		{1E3B6B16-F8B1-4ED6-BD2E-35D568962D6A}.Ad-Hoc|iPhoneSimulator.ActiveCfg = Debug|Any CPU
		{1E3B6B16-F8B1-4ED6-BD2E-35D568962D6A}.Ad-Hoc|iPhoneSimulator.Build.0 = Debug|Any CPU
		{1E3B6B16-F8B1-4ED6-BD2E-35D568962D6A}.Ad-Hoc|x64.ActiveCfg = Debug|Any CPU
		{1E3B6B16-F8B1-4ED6-BD2E-35D568962D6A}.Ad-Hoc|x64.Build.0 = Debug|Any CPU
		{1E3B6B16-F8B1-4ED6-BD2E-35D568962D6A}.Ad-Hoc|x86.ActiveCfg = Debug|Any CPU
		{1E3B6B16-F8B1-4ED6-BD2E-35D568962D6A}.Ad-Hoc|x86.Build.0 = Debug|Any CPU
		{1E3B6B16-F8B1-4ED6-BD2E-35D568962D6A}.AppStore|Any CPU.ActiveCfg = Debug|Any CPU
		{1E3B6B16-F8B1-4ED6-BD2E-35D568962D6A}.AppStore|Any CPU.Build.0 = Debug|Any CPU
		{1E3B6B16-F8B1-4ED6-BD2E-35D568962D6A}.AppStore|ARM.ActiveCfg = Debug|Any CPU
		{1E3B6B16-F8B1-4ED6-BD2E-35D568962D6A}.AppStore|ARM.Build.0 = Debug|Any CPU
		{1E3B6B16-F8B1-4ED6-BD2E-35D568962D6A}.AppStore|ARM64.ActiveCfg = Debug|Any CPU
		{1E3B6B16-F8B1-4ED6-BD2E-35D568962D6A}.AppStore|ARM64.Build.0 = Debug|Any CPU
		{1E3B6B16-F8B1-4ED6-BD2E-35D568962D6A}.AppStore|iPhone.ActiveCfg = Debug|Any CPU
		{1E3B6B16-F8B1-4ED6-BD2E-35D568962D6A}.AppStore|iPhone.Build.0 = Debug|Any CPU
		{1E3B6B16-F8B1-4ED6-BD2E-35D568962D6A}.AppStore|iPhoneSimulator.ActiveCfg = Debug|Any CPU
		{1E3B6B16-F8B1-4ED6-BD2E-35D568962D6A}.AppStore|iPhoneSimulator.Build.0 = Debug|Any CPU
		{1E3B6B16-F8B1-4ED6-BD2E-35D568962D6A}.AppStore|x64.ActiveCfg = Debug|Any CPU
		{1E3B6B16-F8B1-4ED6-BD2E-35D568962D6A}.AppStore|x64.Build.0 = Debug|Any CPU
		{1E3B6B16-F8B1-4ED6-BD2E-35D568962D6A}.AppStore|x86.ActiveCfg = Debug|Any CPU
		{1E3B6B16-F8B1-4ED6-BD2E-35D568962D6A}.AppStore|x86.Build.0 = Debug|Any CPU
		{1E3B6B16-F8B1-4ED6-BD2E-35D568962D6A}.Debug|Any CPU.ActiveCfg = Debug|Any CPU
		{1E3B6B16-F8B1-4ED6-BD2E-35D568962D6A}.Debug|Any CPU.Build.0 = Debug|Any CPU
		{1E3B6B16-F8B1-4ED6-BD2E-35D568962D6A}.Debug|ARM.ActiveCfg = Debug|Any CPU
		{1E3B6B16-F8B1-4ED6-BD2E-35D568962D6A}.Debug|ARM.Build.0 = Debug|Any CPU
		{1E3B6B16-F8B1-4ED6-BD2E-35D568962D6A}.Debug|ARM64.ActiveCfg = Debug|Any CPU
		{1E3B6B16-F8B1-4ED6-BD2E-35D568962D6A}.Debug|ARM64.Build.0 = Debug|Any CPU
		{1E3B6B16-F8B1-4ED6-BD2E-35D568962D6A}.Debug|iPhone.ActiveCfg = Debug|Any CPU
		{1E3B6B16-F8B1-4ED6-BD2E-35D568962D6A}.Debug|iPhone.Build.0 = Debug|Any CPU
		{1E3B6B16-F8B1-4ED6-BD2E-35D568962D6A}.Debug|iPhoneSimulator.ActiveCfg = Debug|Any CPU
		{1E3B6B16-F8B1-4ED6-BD2E-35D568962D6A}.Debug|iPhoneSimulator.Build.0 = Debug|Any CPU
		{1E3B6B16-F8B1-4ED6-BD2E-35D568962D6A}.Debug|x64.ActiveCfg = Debug|Any CPU
		{1E3B6B16-F8B1-4ED6-BD2E-35D568962D6A}.Debug|x64.Build.0 = Debug|Any CPU
		{1E3B6B16-F8B1-4ED6-BD2E-35D568962D6A}.Debug|x86.ActiveCfg = Debug|Any CPU
		{1E3B6B16-F8B1-4ED6-BD2E-35D568962D6A}.Debug|x86.Build.0 = Debug|Any CPU
		{1E3B6B16-F8B1-4ED6-BD2E-35D568962D6A}.Release|Any CPU.ActiveCfg = Release|Any CPU
		{1E3B6B16-F8B1-4ED6-BD2E-35D568962D6A}.Release|Any CPU.Build.0 = Release|Any CPU
		{1E3B6B16-F8B1-4ED6-BD2E-35D568962D6A}.Release|ARM.ActiveCfg = Release|Any CPU
		{1E3B6B16-F8B1-4ED6-BD2E-35D568962D6A}.Release|ARM.Build.0 = Release|Any CPU
		{1E3B6B16-F8B1-4ED6-BD2E-35D568962D6A}.Release|ARM64.ActiveCfg = Release|Any CPU
		{1E3B6B16-F8B1-4ED6-BD2E-35D568962D6A}.Release|ARM64.Build.0 = Release|Any CPU
		{1E3B6B16-F8B1-4ED6-BD2E-35D568962D6A}.Release|iPhone.ActiveCfg = Release|Any CPU
		{1E3B6B16-F8B1-4ED6-BD2E-35D568962D6A}.Release|iPhone.Build.0 = Release|Any CPU
		{1E3B6B16-F8B1-4ED6-BD2E-35D568962D6A}.Release|iPhoneSimulator.ActiveCfg = Release|Any CPU
		{1E3B6B16-F8B1-4ED6-BD2E-35D568962D6A}.Release|iPhoneSimulator.Build.0 = Release|Any CPU
		{1E3B6B16-F8B1-4ED6-BD2E-35D568962D6A}.Release|x64.ActiveCfg = Release|Any CPU
		{1E3B6B16-F8B1-4ED6-BD2E-35D568962D6A}.Release|x64.Build.0 = Release|Any CPU
		{1E3B6B16-F8B1-4ED6-BD2E-35D568962D6A}.Release|x86.ActiveCfg = Release|Any CPU
		{1E3B6B16-F8B1-4ED6-BD2E-35D568962D6A}.Release|x86.Build.0 = Release|Any CPU
		{B96E64C0-7894-4C4E-A08D-1C8F36482A86}.Ad-Hoc|Any CPU.ActiveCfg = Debug|Any CPU
		{B96E64C0-7894-4C4E-A08D-1C8F36482A86}.Ad-Hoc|Any CPU.Build.0 = Debug|Any CPU
		{B96E64C0-7894-4C4E-A08D-1C8F36482A86}.Ad-Hoc|ARM.ActiveCfg = Debug|Any CPU
		{B96E64C0-7894-4C4E-A08D-1C8F36482A86}.Ad-Hoc|ARM.Build.0 = Debug|Any CPU
		{B96E64C0-7894-4C4E-A08D-1C8F36482A86}.Ad-Hoc|ARM64.ActiveCfg = Debug|Any CPU
		{B96E64C0-7894-4C4E-A08D-1C8F36482A86}.Ad-Hoc|ARM64.Build.0 = Debug|Any CPU
		{B96E64C0-7894-4C4E-A08D-1C8F36482A86}.Ad-Hoc|iPhone.ActiveCfg = Debug|Any CPU
		{B96E64C0-7894-4C4E-A08D-1C8F36482A86}.Ad-Hoc|iPhone.Build.0 = Debug|Any CPU
		{B96E64C0-7894-4C4E-A08D-1C8F36482A86}.Ad-Hoc|iPhoneSimulator.ActiveCfg = Debug|Any CPU
		{B96E64C0-7894-4C4E-A08D-1C8F36482A86}.Ad-Hoc|iPhoneSimulator.Build.0 = Debug|Any CPU
		{B96E64C0-7894-4C4E-A08D-1C8F36482A86}.Ad-Hoc|x64.ActiveCfg = Debug|Any CPU
		{B96E64C0-7894-4C4E-A08D-1C8F36482A86}.Ad-Hoc|x64.Build.0 = Debug|Any CPU
		{B96E64C0-7894-4C4E-A08D-1C8F36482A86}.Ad-Hoc|x86.ActiveCfg = Debug|Any CPU
		{B96E64C0-7894-4C4E-A08D-1C8F36482A86}.Ad-Hoc|x86.Build.0 = Debug|Any CPU
		{B96E64C0-7894-4C4E-A08D-1C8F36482A86}.AppStore|Any CPU.ActiveCfg = Debug|Any CPU
		{B96E64C0-7894-4C4E-A08D-1C8F36482A86}.AppStore|Any CPU.Build.0 = Debug|Any CPU
		{B96E64C0-7894-4C4E-A08D-1C8F36482A86}.AppStore|ARM.ActiveCfg = Debug|Any CPU
		{B96E64C0-7894-4C4E-A08D-1C8F36482A86}.AppStore|ARM.Build.0 = Debug|Any CPU
		{B96E64C0-7894-4C4E-A08D-1C8F36482A86}.AppStore|ARM64.ActiveCfg = Debug|Any CPU
		{B96E64C0-7894-4C4E-A08D-1C8F36482A86}.AppStore|ARM64.Build.0 = Debug|Any CPU
		{B96E64C0-7894-4C4E-A08D-1C8F36482A86}.AppStore|iPhone.ActiveCfg = Debug|Any CPU
		{B96E64C0-7894-4C4E-A08D-1C8F36482A86}.AppStore|iPhone.Build.0 = Debug|Any CPU
		{B96E64C0-7894-4C4E-A08D-1C8F36482A86}.AppStore|iPhoneSimulator.ActiveCfg = Debug|Any CPU
		{B96E64C0-7894-4C4E-A08D-1C8F36482A86}.AppStore|iPhoneSimulator.Build.0 = Debug|Any CPU
		{B96E64C0-7894-4C4E-A08D-1C8F36482A86}.AppStore|x64.ActiveCfg = Debug|Any CPU
		{B96E64C0-7894-4C4E-A08D-1C8F36482A86}.AppStore|x64.Build.0 = Debug|Any CPU
		{B96E64C0-7894-4C4E-A08D-1C8F36482A86}.AppStore|x86.ActiveCfg = Debug|Any CPU
		{B96E64C0-7894-4C4E-A08D-1C8F36482A86}.AppStore|x86.Build.0 = Debug|Any CPU
		{B96E64C0-7894-4C4E-A08D-1C8F36482A86}.Debug|Any CPU.ActiveCfg = Debug|Any CPU
		{B96E64C0-7894-4C4E-A08D-1C8F36482A86}.Debug|Any CPU.Build.0 = Debug|Any CPU
		{B96E64C0-7894-4C4E-A08D-1C8F36482A86}.Debug|ARM.ActiveCfg = Debug|Any CPU
		{B96E64C0-7894-4C4E-A08D-1C8F36482A86}.Debug|ARM.Build.0 = Debug|Any CPU
		{B96E64C0-7894-4C4E-A08D-1C8F36482A86}.Debug|ARM64.ActiveCfg = Debug|Any CPU
		{B96E64C0-7894-4C4E-A08D-1C8F36482A86}.Debug|ARM64.Build.0 = Debug|Any CPU
		{B96E64C0-7894-4C4E-A08D-1C8F36482A86}.Debug|iPhone.ActiveCfg = Debug|Any CPU
		{B96E64C0-7894-4C4E-A08D-1C8F36482A86}.Debug|iPhone.Build.0 = Debug|Any CPU
		{B96E64C0-7894-4C4E-A08D-1C8F36482A86}.Debug|iPhoneSimulator.ActiveCfg = Debug|Any CPU
		{B96E64C0-7894-4C4E-A08D-1C8F36482A86}.Debug|iPhoneSimulator.Build.0 = Debug|Any CPU
		{B96E64C0-7894-4C4E-A08D-1C8F36482A86}.Debug|x64.ActiveCfg = Debug|Any CPU
		{B96E64C0-7894-4C4E-A08D-1C8F36482A86}.Debug|x64.Build.0 = Debug|Any CPU
		{B96E64C0-7894-4C4E-A08D-1C8F36482A86}.Debug|x86.ActiveCfg = Debug|Any CPU
		{B96E64C0-7894-4C4E-A08D-1C8F36482A86}.Debug|x86.Build.0 = Debug|Any CPU
		{B96E64C0-7894-4C4E-A08D-1C8F36482A86}.Release|Any CPU.ActiveCfg = Release|Any CPU
		{B96E64C0-7894-4C4E-A08D-1C8F36482A86}.Release|Any CPU.Build.0 = Release|Any CPU
		{B96E64C0-7894-4C4E-A08D-1C8F36482A86}.Release|ARM.ActiveCfg = Release|Any CPU
		{B96E64C0-7894-4C4E-A08D-1C8F36482A86}.Release|ARM.Build.0 = Release|Any CPU
		{B96E64C0-7894-4C4E-A08D-1C8F36482A86}.Release|ARM64.ActiveCfg = Release|Any CPU
		{B96E64C0-7894-4C4E-A08D-1C8F36482A86}.Release|ARM64.Build.0 = Release|Any CPU
		{B96E64C0-7894-4C4E-A08D-1C8F36482A86}.Release|iPhone.ActiveCfg = Release|Any CPU
		{B96E64C0-7894-4C4E-A08D-1C8F36482A86}.Release|iPhone.Build.0 = Release|Any CPU
		{B96E64C0-7894-4C4E-A08D-1C8F36482A86}.Release|iPhoneSimulator.ActiveCfg = Release|Any CPU
		{B96E64C0-7894-4C4E-A08D-1C8F36482A86}.Release|iPhoneSimulator.Build.0 = Release|Any CPU
		{B96E64C0-7894-4C4E-A08D-1C8F36482A86}.Release|x64.ActiveCfg = Release|Any CPU
		{B96E64C0-7894-4C4E-A08D-1C8F36482A86}.Release|x64.Build.0 = Release|Any CPU
		{B96E64C0-7894-4C4E-A08D-1C8F36482A86}.Release|x86.ActiveCfg = Release|Any CPU
		{B96E64C0-7894-4C4E-A08D-1C8F36482A86}.Release|x86.Build.0 = Release|Any CPU
	EndGlobalSection
	GlobalSection(SolutionProperties) = preSolution
		HideSolutionNode = FALSE
	EndGlobalSection
	GlobalSection(NestedProjects) = preSolution
		{8E4B57D5-EC8E-460D-9266-F658A770DA8C} = {76460521-E707-43F4-844E-CC38BF15512B}
		{E0E83820-626D-4A32-B27D-34690F649E9D} = {76460521-E707-43F4-844E-CC38BF15512B}
		{0C4F27F3-3FFD-4DB3-A65D-CB0ACD011669} = {76460521-E707-43F4-844E-CC38BF15512B}
		{04968496-F12F-4F5A-8E1B-ED04AE296467} = {76460521-E707-43F4-844E-CC38BF15512B}
		{74383B7D-6169-4B63-923D-19A82609BAB2} = {76460521-E707-43F4-844E-CC38BF15512B}
		{AA9B0B97-D2A6-4524-9A34-95E44B4D877A} = {76460521-E707-43F4-844E-CC38BF15512B}
		{96DB9079-4FE1-439E-B955-B3DF594D1264} = {76460521-E707-43F4-844E-CC38BF15512B}
		{1E3B6B16-F8B1-4ED6-BD2E-35D568962D6A} = {76460521-E707-43F4-844E-CC38BF15512B}
		{B96E64C0-7894-4C4E-A08D-1C8F36482A86} = {76460521-E707-43F4-844E-CC38BF15512B}
	EndGlobalSection
	GlobalSection(ExtensibilityGlobals) = postSolution
		SolutionGuid = {0EF46974-34FD-4D78-958F-E5A4A32BBA6F}
	EndGlobalSection
EndGlobal
